
Microsoft Visual Studio Solution File, Format Version 12.00
# Visual Studio Version 17
VisualStudioVersion = 17.0.31903.59
MinimumVisualStudioVersion = 10.0.40219.1
Project("{2150E333-8FDC-42A3-9474-1A3956D46DE8}") = "src", "src", "{FE1E534F-D803-429D-9A15-D5D31C5F1448}"
EndProject
Project("{FAE04EC0-301F-11D3-BF4B-00C04F79EFBC}") = "Strathweb.AspNetCore.Dilithium", "src\Strathweb.AspNetCore.Dilithium\Strathweb.AspNetCore.Dilithium.csproj", "{652A39F5-A895-4AA7-8A9C-5446FD81BCB1}"
EndProject
Global
	GlobalSection(SolutionConfigurationPlatforms) = preSolution
		Debug|Any CPU = Debug|Any CPU
		Release|Any CPU = Release|Any CPU
	EndGlobalSection
	GlobalSection(SolutionProperties) = preSolution
		HideSolutionNode = FALSE
	EndGlobalSection
	GlobalSection(ProjectConfigurationPlatforms) = postSolution
		{652A39F5-A895-4AA7-8A9C-5446FD81BCB1}.Debug|Any CPU.ActiveCfg = Debug|Any CPU
		{652A39F5-A895-4AA7-8A9C-5446FD81BCB1}.Debug|Any CPU.Build.0 = Debug|Any CPU
		{652A39F5-A895-4AA7-8A9C-5446FD81BCB1}.Release|Any CPU.ActiveCfg = Release|Any CPU
		{652A39F5-A895-4AA7-8A9C-5446FD81BCB1}.Release|Any CPU.Build.0 = Release|Any CPU
	EndGlobalSection
	GlobalSection(NestedProjects) = preSolution
		{652A39F5-A895-4AA7-8A9C-5446FD81BCB1} = {FE1E534F-D803-429D-9A15-D5D31C5F1448}
	EndGlobalSection
EndGlobal
